
Microsoft Visual Studio Solution File, Format Version 12.00
# Visual Studio Version 17
VisualStudioVersion = 17.4.33213.308
MinimumVisualStudioVersion = 10.0.40219.1
Project("{8BC9CEB8-8B4A-11D0-8D11-00A0C91BC942}") = "DebugAM", "DebugAM\DebugAM.vcxproj", "{BC5D3910-74FD-4AE6-B47B-29AB6A5BBC3D}"
EndProject
Global
	GlobalSection(SolutionConfigurationPlatforms) = preSolution
		Debug|x64 = Debug|x64
		Debug|x86 = Debug|x86
		Release|x64 = Release|x64
		Release|x86 = Release|x86
	EndGlobalSection
	GlobalSection(ProjectConfigurationPlatforms) = postSolution
		{BC5D3910-74FD-4AE6-B47B-29AB6A5BBC3D}.Debug|x64.ActiveCfg = Debug|x64
		{BC5D3910-74FD-4AE6-B47B-29AB6A5BBC3D}.Debug|x64.Build.0 = Debug|x64
		{BC5D3910-74FD-4AE6-B47B-29AB6A5BBC3D}.Debug|x86.ActiveCfg = Debug|Win32
		{BC5D3910-74FD-4AE6-B47B-29AB6A5BBC3D}.Debug|x86.Build.0 = Debug|Win32
		{BC5D3910-74FD-4AE6-B47B-29AB6A5BBC3D}.Release|x64.ActiveCfg = Release|x64
		{BC5D3910-74FD-4AE6-B47B-29AB6A5BBC3D}.Release|x64.Build.0 = Release|x64
		{BC5D3910-74FD-4AE6-B47B-29AB6A5BBC3D}.Release|x86.ActiveCfg = Release|Win32
		{BC5D3910-74FD-4AE6-B47B-29AB6A5BBC3D}.Release|x86.Build.0 = Release|Win32
	EndGlobalSection
	GlobalSection(SolutionProperties) = preSolution
		HideSolutionNode = FALSE
	EndGlobalSection
	GlobalSection(ExtensibilityGlobals) = postSolution
		SolutionGuid = {2557DFCA-832C-4B7D-9B6C-BFF1596BD566}
	EndGlobalSection
EndGlobal
