
Microsoft Visual Studio Solution File, Format Version 12.00
# Visual Studio Version 17
VisualStudioVersion = 17.4.33213.308
MinimumVisualStudioVersion = 10.0.40219.1
Project("{8BC9CEB8-8B4A-11D0-8D11-00A0C91BC942}") = "DebugCI", "DebugCI\DebugCI.vcxproj", "{72B27D1B-9D80-40CA-98FD-83BC95D29A9B}"
EndProject
Global
	GlobalSection(SolutionConfigurationPlatforms) = preSolution
		Debug|x64 = Debug|x64
		Debug|x86 = Debug|x86
		Release|x64 = Release|x64
		Release|x86 = Release|x86
	EndGlobalSection
	GlobalSection(ProjectConfigurationPlatforms) = postSolution
		{72B27D1B-9D80-40CA-98FD-83BC95D29A9B}.Debug|x64.ActiveCfg = Debug|x64
		{72B27D1B-9D80-40CA-98FD-83BC95D29A9B}.Debug|x64.Build.0 = Debug|x64
		{72B27D1B-9D80-40CA-98FD-83BC95D29A9B}.Debug|x86.ActiveCfg = Debug|Win32
		{72B27D1B-9D80-40CA-98FD-83BC95D29A9B}.Debug|x86.Build.0 = Debug|Win32
		{72B27D1B-9D80-40CA-98FD-83BC95D29A9B}.Release|x64.ActiveCfg = Release|x64
		{72B27D1B-9D80-40CA-98FD-83BC95D29A9B}.Release|x64.Build.0 = Release|x64
		{72B27D1B-9D80-40CA-98FD-83BC95D29A9B}.Release|x86.ActiveCfg = Release|Win32
		{72B27D1B-9D80-40CA-98FD-83BC95D29A9B}.Release|x86.Build.0 = Release|Win32
	EndGlobalSection
	GlobalSection(SolutionProperties) = preSolution
		HideSolutionNode = FALSE
	EndGlobalSection
	GlobalSection(ExtensibilityGlobals) = postSolution
		SolutionGuid = {34F695A6-A698-446B-9908-8D9DFE5242E1}
	EndGlobalSection
EndGlobal
