
Microsoft Visual Studio Solution File, Format Version 12.00
# Visual Studio Version 17
VisualStudioVersion = 17.4.33213.308
MinimumVisualStudioVersion = 10.0.40219.1
Project("{8BC9CEB8-8B4A-11D0-8D11-00A0C91BC942}") = "DebugDI", "DebugDI\DebugDI.vcxproj", "{456B7AFA-AC6E-43FE-AE61-9A26AE746DF8}"
EndProject
Global
	GlobalSection(SolutionConfigurationPlatforms) = preSolution
		Debug|x64 = Debug|x64
		Debug|x86 = Debug|x86
		Release|x64 = Release|x64
		Release|x86 = Release|x86
	EndGlobalSection
	GlobalSection(ProjectConfigurationPlatforms) = postSolution
		{456B7AFA-AC6E-43FE-AE61-9A26AE746DF8}.Debug|x64.ActiveCfg = Debug|x64
		{456B7AFA-AC6E-43FE-AE61-9A26AE746DF8}.Debug|x64.Build.0 = Debug|x64
		{456B7AFA-AC6E-43FE-AE61-9A26AE746DF8}.Debug|x86.ActiveCfg = Debug|Win32
		{456B7AFA-AC6E-43FE-AE61-9A26AE746DF8}.Debug|x86.Build.0 = Debug|Win32
		{456B7AFA-AC6E-43FE-AE61-9A26AE746DF8}.Release|x64.ActiveCfg = Release|x64
		{456B7AFA-AC6E-43FE-AE61-9A26AE746DF8}.Release|x64.Build.0 = Release|x64
		{456B7AFA-AC6E-43FE-AE61-9A26AE746DF8}.Release|x86.ActiveCfg = Release|Win32
		{456B7AFA-AC6E-43FE-AE61-9A26AE746DF8}.Release|x86.Build.0 = Release|Win32
	EndGlobalSection
	GlobalSection(SolutionProperties) = preSolution
		HideSolutionNode = FALSE
	EndGlobalSection
	GlobalSection(ExtensibilityGlobals) = postSolution
		SolutionGuid = {4C2FFFE0-D290-42D2-9F83-BB97659A9FD0}
	EndGlobalSection
EndGlobal
